
Microsoft Visual Studio Solution File, Format Version 12.00
# Visual Studio Version 17
VisualStudioVersion = 17.8.34004.107
MinimumVisualStudioVersion = 10.0.40219.1
Project("{8BC9CEB8-8B4A-11D0-8D11-00A0C91BC942}") = "Acex AM", "Acex AM\Acex AM.vcxproj", "{B5C1B91C-48DB-4DC8-87F7-086F3A159A8B}"
EndProject
Project("{8BC9CEB8-8B4A-11D0-8D11-00A0C91BC942}") = "AM Test", "AM Test\AM Test.vcxproj", "{37255D3D-513A-4F51-8538-0F2A90F2BDD3}"
	ProjectSection(ProjectDependencies) = postProject
		{B5C1B91C-48DB-4DC8-87F7-086F3A159A8B} = {B5C1B91C-48DB-4DC8-87F7-086F3A159A8B}
	EndProjectSection
EndProject
Project("{2150E333-8FDC-42A3-9474-1A3956D46DE8}") = "ソリューション項目", "ソリューション項目", "{43AB83FE-DB17-4153-8B2C-C942A4254D07}"
	ProjectSection(SolutionItems) = preProject
		README.md = README.md
	EndProjectSection
EndProject
Global
	GlobalSection(SolutionConfigurationPlatforms) = preSolution
		Debug|x64 = Debug|x64
		Debug|x86 = Debug|x86
		Release|x64 = Release|x64
		Release|x86 = Release|x86
	EndGlobalSection
	GlobalSection(ProjectConfigurationPlatforms) = postSolution
		{B5C1B91C-48DB-4DC8-87F7-086F3A159A8B}.Debug|x64.ActiveCfg = Debug|x64
		{B5C1B91C-48DB-4DC8-87F7-086F3A159A8B}.Debug|x64.Build.0 = Debug|x64
		{B5C1B91C-48DB-4DC8-87F7-086F3A159A8B}.Debug|x86.ActiveCfg = Debug|Win32
		{B5C1B91C-48DB-4DC8-87F7-086F3A159A8B}.Debug|x86.Build.0 = Debug|Win32
		{B5C1B91C-48DB-4DC8-87F7-086F3A159A8B}.Release|x64.ActiveCfg = Release|x64
		{B5C1B91C-48DB-4DC8-87F7-086F3A159A8B}.Release|x64.Build.0 = Release|x64
		{B5C1B91C-48DB-4DC8-87F7-086F3A159A8B}.Release|x86.ActiveCfg = Release|Win32
		{B5C1B91C-48DB-4DC8-87F7-086F3A159A8B}.Release|x86.Build.0 = Release|Win32
		{37255D3D-513A-4F51-8538-0F2A90F2BDD3}.Debug|x64.ActiveCfg = Debug|x64
		{37255D3D-513A-4F51-8538-0F2A90F2BDD3}.Debug|x64.Build.0 = Debug|x64
		{37255D3D-513A-4F51-8538-0F2A90F2BDD3}.Debug|x86.ActiveCfg = Debug|Win32
		{37255D3D-513A-4F51-8538-0F2A90F2BDD3}.Debug|x86.Build.0 = Debug|Win32
		{37255D3D-513A-4F51-8538-0F2A90F2BDD3}.Release|x64.ActiveCfg = Release|x64
		{37255D3D-513A-4F51-8538-0F2A90F2BDD3}.Release|x64.Build.0 = Release|x64
		{37255D3D-513A-4F51-8538-0F2A90F2BDD3}.Release|x86.ActiveCfg = Release|Win32
		{37255D3D-513A-4F51-8538-0F2A90F2BDD3}.Release|x86.Build.0 = Release|Win32
	EndGlobalSection
	GlobalSection(SolutionProperties) = preSolution
		HideSolutionNode = FALSE
	EndGlobalSection
	GlobalSection(ExtensibilityGlobals) = postSolution
		SolutionGuid = {8C9DA3CD-70A1-45D4-B5B5-8FAFD37986F9}
	EndGlobalSection
EndGlobal
